
Microsoft Visual Studio Solution File, Format Version 12.00
# Visual Studio Version 17
VisualStudioVersion = 17.1.32328.378
MinimumVisualStudioVersion = 10.0.40219.1
Project("{2150E333-8FDC-42A3-9474-1A3956D46DE8}") = "AcademyContext", "AcademyContext", "{EBBBA861-1F33-492C-A726-6C96B7A37D9B}"
EndProject
Project("{2150E333-8FDC-42A3-9474-1A3956D46DE8}") = "HospitalContext", "HospitalContext", "{7BB83EEE-1849-4A2B-8585-8C63694F9640}"
EndProject
Project("{2150E333-8FDC-42A3-9474-1A3956D46DE8}") = "FighterContext", "FighterContext", "{1F240B1B-4708-40DA-8CE9-508A7FDF4A4A}"
EndProject
Project("{2150E333-8FDC-42A3-9474-1A3956D46DE8}") = "SharedKernel", "SharedKernel", "{58C7D8C0-5CE9-4045-A263-F8C3F7216901}"
EndProject
Project("{9A19103F-16F7-4668-BE54-9A1E7A4F7556}") = "OssPerformanceInstitute.SharedKernel.Common", "Sources\OssPerformanceInstitute.SharedKernel.Common\OssPerformanceInstitute.SharedKernel.Common.csproj", "{2718D605-082C-426B-830F-05934A097D4E}"
EndProject
Project("{9A19103F-16F7-4668-BE54-9A1E7A4F7556}") = "OssPerformanceInstitute.FighterContext.Domain", "Sources\OssPerformanceInstitute.FighterContext.Domain\OssPerformanceInstitute.FighterContext.Domain.csproj", "{365BBDD2-2F6D-4420-8F08-A11034D66BEC}"
EndProject
Project("{9A19103F-16F7-4668-BE54-9A1E7A4F7556}") = "OssPerformanceInstitute.SharedKernel.Domain", "Sources\OssPerformanceInstitute.SharedKernel.Domain\OssPerformanceInstitute.SharedKernel.Domain.csproj", "{4D9F2D13-8A6D-4368-93F1-156D2F9D3EC7}"
EndProject
Project("{9A19103F-16F7-4668-BE54-9A1E7A4F7556}") = "OssPerformanceInstitute.FighterContext.Api", "Sources\OssPerformanceInstitute.FighterContext.Api\OssPerformanceInstitute.FighterContext.Api.csproj", "{910FCB05-2560-4408-88B8-6D9CF943D8CF}"
EndProject
Project("{9A19103F-16F7-4668-BE54-9A1E7A4F7556}") = "OssPerformanceInstitute.SharedKernel.Infrastructure", "Sources\OssPerformanceInstitute.SharedKernel.Infrastructure\OssPerformanceInstitute.SharedKernel.Infrastructure.csproj", "{736E380D-DC76-4B1E-BF74-3798EFCAF2D5}"
EndProject
Global
	GlobalSection(SolutionConfigurationPlatforms) = preSolution
		Debug|Any CPU = Debug|Any CPU
		Release|Any CPU = Release|Any CPU
	EndGlobalSection
	GlobalSection(ProjectConfigurationPlatforms) = postSolution
		{2718D605-082C-426B-830F-05934A097D4E}.Debug|Any CPU.ActiveCfg = Debug|Any CPU
		{2718D605-082C-426B-830F-05934A097D4E}.Debug|Any CPU.Build.0 = Debug|Any CPU
		{2718D605-082C-426B-830F-05934A097D4E}.Release|Any CPU.ActiveCfg = Release|Any CPU
		{2718D605-082C-426B-830F-05934A097D4E}.Release|Any CPU.Build.0 = Release|Any CPU
		{365BBDD2-2F6D-4420-8F08-A11034D66BEC}.Debug|Any CPU.ActiveCfg = Debug|Any CPU
		{365BBDD2-2F6D-4420-8F08-A11034D66BEC}.Debug|Any CPU.Build.0 = Debug|Any CPU
		{365BBDD2-2F6D-4420-8F08-A11034D66BEC}.Release|Any CPU.ActiveCfg = Release|Any CPU
		{365BBDD2-2F6D-4420-8F08-A11034D66BEC}.Release|Any CPU.Build.0 = Release|Any CPU
		{4D9F2D13-8A6D-4368-93F1-156D2F9D3EC7}.Debug|Any CPU.ActiveCfg = Debug|Any CPU
		{4D9F2D13-8A6D-4368-93F1-156D2F9D3EC7}.Debug|Any CPU.Build.0 = Debug|Any CPU
		{4D9F2D13-8A6D-4368-93F1-156D2F9D3EC7}.Release|Any CPU.ActiveCfg = Release|Any CPU
		{4D9F2D13-8A6D-4368-93F1-156D2F9D3EC7}.Release|Any CPU.Build.0 = Release|Any CPU
		{910FCB05-2560-4408-88B8-6D9CF943D8CF}.Debug|Any CPU.ActiveCfg = Debug|Any CPU
		{910FCB05-2560-4408-88B8-6D9CF943D8CF}.Debug|Any CPU.Build.0 = Debug|Any CPU
		{910FCB05-2560-4408-88B8-6D9CF943D8CF}.Release|Any CPU.ActiveCfg = Release|Any CPU
		{910FCB05-2560-4408-88B8-6D9CF943D8CF}.Release|Any CPU.Build.0 = Release|Any CPU
		{736E380D-DC76-4B1E-BF74-3798EFCAF2D5}.Debug|Any CPU.ActiveCfg = Debug|Any CPU
		{736E380D-DC76-4B1E-BF74-3798EFCAF2D5}.Debug|Any CPU.Build.0 = Debug|Any CPU
		{736E380D-DC76-4B1E-BF74-3798EFCAF2D5}.Release|Any CPU.ActiveCfg = Release|Any CPU
		{736E380D-DC76-4B1E-BF74-3798EFCAF2D5}.Release|Any CPU.Build.0 = Release|Any CPU
	EndGlobalSection
	GlobalSection(SolutionProperties) = preSolution
		HideSolutionNode = FALSE
	EndGlobalSection
	GlobalSection(NestedProjects) = preSolution
		{2718D605-082C-426B-830F-05934A097D4E} = {58C7D8C0-5CE9-4045-A263-F8C3F7216901}
		{365BBDD2-2F6D-4420-8F08-A11034D66BEC} = {1F240B1B-4708-40DA-8CE9-508A7FDF4A4A}
		{4D9F2D13-8A6D-4368-93F1-156D2F9D3EC7} = {58C7D8C0-5CE9-4045-A263-F8C3F7216901}
		{910FCB05-2560-4408-88B8-6D9CF943D8CF} = {1F240B1B-4708-40DA-8CE9-508A7FDF4A4A}
		{736E380D-DC76-4B1E-BF74-3798EFCAF2D5} = {58C7D8C0-5CE9-4045-A263-F8C3F7216901}
	EndGlobalSection
	GlobalSection(ExtensibilityGlobals) = postSolution
		SolutionGuid = {8C61201F-26C0-44EC-98D8-5380254139FB}
	EndGlobalSection
EndGlobal
