
Microsoft Visual Studio Solution File, Format Version 12.00
# Visual Studio Version 17
VisualStudioVersion = 17.1.32328.378
MinimumVisualStudioVersion = 10.0.40219.1
Project("{2150E333-8FDC-42A3-9474-1A3956D46DE8}") = "AcademyBoundary", "AcademyBoundary", "{EBBBA861-1F33-492C-A726-6C96B7A37D9B}"
EndProject
Project("{2150E333-8FDC-42A3-9474-1A3956D46DE8}") = "HospitalBoundary", "HospitalBoundary", "{7BB83EEE-1849-4A2B-8585-8C63694F9640}"
EndProject
Project("{2150E333-8FDC-42A3-9474-1A3956D46DE8}") = "FighterBoundary", "FighterBoundary", "{1F240B1B-4708-40DA-8CE9-508A7FDF4A4A}"
EndProject
Project("{2150E333-8FDC-42A3-9474-1A3956D46DE8}") = "SharedKernel", "SharedKernel", "{58C7D8C0-5CE9-4045-A263-F8C3F7216901}"
EndProject
Project("{9A19103F-16F7-4668-BE54-9A1E7A4F7556}") = "OssPerformanceInstitute.SharedKernel.Common", "Sources\OssPerformanceInstitute.SharedKernel.Common\OssPerformanceInstitute.SharedKernel.Common.csproj", "{2718D605-082C-426B-830F-05934A097D4E}"
EndProject
Project("{9A19103F-16F7-4668-BE54-9A1E7A4F7556}") = "OssPerformanceInstitute.SharedKernel.Domain", "Sources\OssPerformanceInstitute.SharedKernel.Domain\OssPerformanceInstitute.SharedKernel.Domain.csproj", "{4D9F2D13-8A6D-4368-93F1-156D2F9D3EC7}"
EndProject
Project("{9A19103F-16F7-4668-BE54-9A1E7A4F7556}") = "OssPerformanceInstitute.SharedKernel.Infrastructure", "Sources\OssPerformanceInstitute.SharedKernel.Infrastructure\OssPerformanceInstitute.SharedKernel.Infrastructure.csproj", "{736E380D-DC76-4B1E-BF74-3798EFCAF2D5}"
EndProject
Project("{9A19103F-16F7-4668-BE54-9A1E7A4F7556}") = "OssPerformanceInstitute.AcademyBoundary.Domain", "Sources\OssPerformanceInstitute.AcademyBoundary.Domain\OssPerformanceInstitute.AcademyBoundary.Domain.csproj", "{785B7E1C-5ADF-4023-80D8-66A52AB36B44}"
EndProject
Project("{9A19103F-16F7-4668-BE54-9A1E7A4F7556}") = "OssPerformanceInstitute.AcademyBoundary.Api", "Sources\OssPerformanceInstitute.AcademyBoundary.Api\OssPerformanceInstitute.AcademyBoundary.Api.csproj", "{2E335206-9257-4AEA-9AC6-143FCBE9C788}"
EndProject
Project("{9A19103F-16F7-4668-BE54-9A1E7A4F7556}") = "OssPerformanceInstitute.FighterBoundary.Domain", "Sources\OssPerformanceInstitute.FighterBoundary.Domain\OssPerformanceInstitute.FighterBoundary.Domain.csproj", "{2FC81E29-34A7-4CAA-ABE0-197F6C1E6A4A}"
EndProject
Project("{9A19103F-16F7-4668-BE54-9A1E7A4F7556}") = "OssPerformanceInstitute.FighterBoundary.Api", "Sources\OssPerformanceInstitute.FighterBoundary.Api\OssPerformanceInstitute.FighterBoundary.Api.csproj", "{11DEB85C-257E-4A7F-96C0-0F4E93CCD4E5}"
EndProject
Project("{9A19103F-16F7-4668-BE54-9A1E7A4F7556}") = "OssPerformanceInstitute.HospitalBoundary.Domain", "Sources\OssPerformanceInstitute.HospitalBoundary.Domain\OssPerformanceInstitute.HospitalBoundary.Domain.csproj", "{06C9D91E-2F25-4225-A2AD-A22B18647760}"
EndProject
Project("{9A19103F-16F7-4668-BE54-9A1E7A4F7556}") = "OssPerformanceInstitute.HospitalBoundary.Infrastructure", "Sources\OssPerformanceInstitute.HospitalBoundary.Infrastructure\OssPerformanceInstitute.HospitalBoundary.Infrastructure.csproj", "{9B2F28C4-96A3-4ABD-8A5C-2F8373ECF1EF}"
EndProject
Project("{9A19103F-16F7-4668-BE54-9A1E7A4F7556}") = "OssPerformanceInstitute.HospitalBoundary.Api", "Sources\OssPerformanceInstitute.HospitalBoundary.Api\OssPerformanceInstitute.HospitalBoundary.Api.csproj", "{0EE4FE3A-05E4-4F26-826A-EC3780DF0D1F}"
EndProject
Project("{FAE04EC0-301F-11D3-BF4B-00C04F79EFBC}") = "OssPerformanceInstitute.AcademyBoundary.QueryApi", "Sources\OssPerformanceInstitute.AcademyBoundary.QueryApi\OssPerformanceInstitute.AcademyBoundary.QueryApi.csproj", "{3137CDF7-9474-4EBD-A653-73D55257CA99}"
EndProject
Global
	GlobalSection(SolutionConfigurationPlatforms) = preSolution
		Debug|Any CPU = Debug|Any CPU
		Release|Any CPU = Release|Any CPU
	EndGlobalSection
	GlobalSection(ProjectConfigurationPlatforms) = postSolution
		{2718D605-082C-426B-830F-05934A097D4E}.Debug|Any CPU.ActiveCfg = Debug|Any CPU
		{2718D605-082C-426B-830F-05934A097D4E}.Debug|Any CPU.Build.0 = Debug|Any CPU
		{2718D605-082C-426B-830F-05934A097D4E}.Release|Any CPU.ActiveCfg = Release|Any CPU
		{2718D605-082C-426B-830F-05934A097D4E}.Release|Any CPU.Build.0 = Release|Any CPU
		{4D9F2D13-8A6D-4368-93F1-156D2F9D3EC7}.Debug|Any CPU.ActiveCfg = Debug|Any CPU
		{4D9F2D13-8A6D-4368-93F1-156D2F9D3EC7}.Debug|Any CPU.Build.0 = Debug|Any CPU
		{4D9F2D13-8A6D-4368-93F1-156D2F9D3EC7}.Release|Any CPU.ActiveCfg = Release|Any CPU
		{4D9F2D13-8A6D-4368-93F1-156D2F9D3EC7}.Release|Any CPU.Build.0 = Release|Any CPU
		{736E380D-DC76-4B1E-BF74-3798EFCAF2D5}.Debug|Any CPU.ActiveCfg = Debug|Any CPU
		{736E380D-DC76-4B1E-BF74-3798EFCAF2D5}.Debug|Any CPU.Build.0 = Debug|Any CPU
		{736E380D-DC76-4B1E-BF74-3798EFCAF2D5}.Release|Any CPU.ActiveCfg = Release|Any CPU
		{736E380D-DC76-4B1E-BF74-3798EFCAF2D5}.Release|Any CPU.Build.0 = Release|Any CPU
		{785B7E1C-5ADF-4023-80D8-66A52AB36B44}.Debug|Any CPU.ActiveCfg = Debug|Any CPU
		{785B7E1C-5ADF-4023-80D8-66A52AB36B44}.Debug|Any CPU.Build.0 = Debug|Any CPU
		{785B7E1C-5ADF-4023-80D8-66A52AB36B44}.Release|Any CPU.ActiveCfg = Release|Any CPU
		{785B7E1C-5ADF-4023-80D8-66A52AB36B44}.Release|Any CPU.Build.0 = Release|Any CPU
		{2E335206-9257-4AEA-9AC6-143FCBE9C788}.Debug|Any CPU.ActiveCfg = Debug|Any CPU
		{2E335206-9257-4AEA-9AC6-143FCBE9C788}.Debug|Any CPU.Build.0 = Debug|Any CPU
		{2E335206-9257-4AEA-9AC6-143FCBE9C788}.Release|Any CPU.ActiveCfg = Release|Any CPU
		{2E335206-9257-4AEA-9AC6-143FCBE9C788}.Release|Any CPU.Build.0 = Release|Any CPU
		{2FC81E29-34A7-4CAA-ABE0-197F6C1E6A4A}.Debug|Any CPU.ActiveCfg = Debug|Any CPU
		{2FC81E29-34A7-4CAA-ABE0-197F6C1E6A4A}.Debug|Any CPU.Build.0 = Debug|Any CPU
		{2FC81E29-34A7-4CAA-ABE0-197F6C1E6A4A}.Release|Any CPU.ActiveCfg = Release|Any CPU
		{2FC81E29-34A7-4CAA-ABE0-197F6C1E6A4A}.Release|Any CPU.Build.0 = Release|Any CPU
		{11DEB85C-257E-4A7F-96C0-0F4E93CCD4E5}.Debug|Any CPU.ActiveCfg = Debug|Any CPU
		{11DEB85C-257E-4A7F-96C0-0F4E93CCD4E5}.Debug|Any CPU.Build.0 = Debug|Any CPU
		{11DEB85C-257E-4A7F-96C0-0F4E93CCD4E5}.Release|Any CPU.ActiveCfg = Release|Any CPU
		{11DEB85C-257E-4A7F-96C0-0F4E93CCD4E5}.Release|Any CPU.Build.0 = Release|Any CPU
		{06C9D91E-2F25-4225-A2AD-A22B18647760}.Debug|Any CPU.ActiveCfg = Debug|Any CPU
		{06C9D91E-2F25-4225-A2AD-A22B18647760}.Debug|Any CPU.Build.0 = Debug|Any CPU
		{06C9D91E-2F25-4225-A2AD-A22B18647760}.Release|Any CPU.ActiveCfg = Release|Any CPU
		{06C9D91E-2F25-4225-A2AD-A22B18647760}.Release|Any CPU.Build.0 = Release|Any CPU
		{9B2F28C4-96A3-4ABD-8A5C-2F8373ECF1EF}.Debug|Any CPU.ActiveCfg = Debug|Any CPU
		{9B2F28C4-96A3-4ABD-8A5C-2F8373ECF1EF}.Debug|Any CPU.Build.0 = Debug|Any CPU
		{9B2F28C4-96A3-4ABD-8A5C-2F8373ECF1EF}.Release|Any CPU.ActiveCfg = Release|Any CPU
		{9B2F28C4-96A3-4ABD-8A5C-2F8373ECF1EF}.Release|Any CPU.Build.0 = Release|Any CPU
		{0EE4FE3A-05E4-4F26-826A-EC3780DF0D1F}.Debug|Any CPU.ActiveCfg = Debug|Any CPU
		{0EE4FE3A-05E4-4F26-826A-EC3780DF0D1F}.Debug|Any CPU.Build.0 = Debug|Any CPU
		{0EE4FE3A-05E4-4F26-826A-EC3780DF0D1F}.Release|Any CPU.ActiveCfg = Release|Any CPU
		{0EE4FE3A-05E4-4F26-826A-EC3780DF0D1F}.Release|Any CPU.Build.0 = Release|Any CPU
		{3137CDF7-9474-4EBD-A653-73D55257CA99}.Debug|Any CPU.ActiveCfg = Debug|Any CPU
		{3137CDF7-9474-4EBD-A653-73D55257CA99}.Debug|Any CPU.Build.0 = Debug|Any CPU
		{3137CDF7-9474-4EBD-A653-73D55257CA99}.Release|Any CPU.ActiveCfg = Release|Any CPU
		{3137CDF7-9474-4EBD-A653-73D55257CA99}.Release|Any CPU.Build.0 = Release|Any CPU
	EndGlobalSection
	GlobalSection(SolutionProperties) = preSolution
		HideSolutionNode = FALSE
	EndGlobalSection
	GlobalSection(NestedProjects) = preSolution
		{2718D605-082C-426B-830F-05934A097D4E} = {58C7D8C0-5CE9-4045-A263-F8C3F7216901}
		{4D9F2D13-8A6D-4368-93F1-156D2F9D3EC7} = {58C7D8C0-5CE9-4045-A263-F8C3F7216901}
		{736E380D-DC76-4B1E-BF74-3798EFCAF2D5} = {58C7D8C0-5CE9-4045-A263-F8C3F7216901}
		{785B7E1C-5ADF-4023-80D8-66A52AB36B44} = {EBBBA861-1F33-492C-A726-6C96B7A37D9B}
		{2E335206-9257-4AEA-9AC6-143FCBE9C788} = {EBBBA861-1F33-492C-A726-6C96B7A37D9B}
		{2FC81E29-34A7-4CAA-ABE0-197F6C1E6A4A} = {1F240B1B-4708-40DA-8CE9-508A7FDF4A4A}
		{11DEB85C-257E-4A7F-96C0-0F4E93CCD4E5} = {1F240B1B-4708-40DA-8CE9-508A7FDF4A4A}
		{06C9D91E-2F25-4225-A2AD-A22B18647760} = {7BB83EEE-1849-4A2B-8585-8C63694F9640}
		{9B2F28C4-96A3-4ABD-8A5C-2F8373ECF1EF} = {7BB83EEE-1849-4A2B-8585-8C63694F9640}
		{0EE4FE3A-05E4-4F26-826A-EC3780DF0D1F} = {7BB83EEE-1849-4A2B-8585-8C63694F9640}
		{3137CDF7-9474-4EBD-A653-73D55257CA99} = {EBBBA861-1F33-492C-A726-6C96B7A37D9B}
	EndGlobalSection
	GlobalSection(ExtensibilityGlobals) = postSolution
		SolutionGuid = {8C61201F-26C0-44EC-98D8-5380254139FB}
	EndGlobalSection
EndGlobal
